
Microsoft Visual Studio Solution File, Format Version 12.00
# Visual Studio 15
VisualStudioVersion = 15.0.27703.2042
MinimumVisualStudioVersion = 10.0.40219.1
Project("{9A19103F-16F7-4668-BE54-9A1E7A4F7556}") = "AccountOwnerServer", "AccountOwnerServer\AccountOwnerServer.csproj", "{5CDB2EA2-6DA7-4DF2-BCFF-27230BC2E417}"
EndProject
Project("{2150E333-8FDC-42A3-9474-1A3956D46DE8}") = "Solution Items", "Solution Items", "{976CB201-3383-49A9-B0E6-544E46AE8D5B}"
	ProjectSection(SolutionItems) = preProject
		Readme.md = Readme.md
	EndProjectSection
EndProject
Project("{9A19103F-16F7-4668-BE54-9A1E7A4F7556}") = "Contracts", "Contracts\Contracts.csproj", "{0020C4DB-08BE-4177-8BB2-64219C6EDA43}"
EndProject
Project("{9A19103F-16F7-4668-BE54-9A1E7A4F7556}") = "LoggerService", "LoggerService\LoggerService.csproj", "{0BDA72B4-0274-4786-A99E-36FD1AC2F3DC}"
EndProject
Project("{FAE04EC0-301F-11D3-BF4B-00C04F79EFBC}") = "Entities", "Entities\Entities.csproj", "{9404B913-580E-4742-AEAC-7CBB1989AD0C}"
EndProject
Global
	GlobalSection(SolutionConfigurationPlatforms) = preSolution
		Debug|Any CPU = Debug|Any CPU
		Release|Any CPU = Release|Any CPU
	EndGlobalSection
	GlobalSection(ProjectConfigurationPlatforms) = postSolution
		{5CDB2EA2-6DA7-4DF2-BCFF-27230BC2E417}.Debug|Any CPU.ActiveCfg = Debug|Any CPU
		{5CDB2EA2-6DA7-4DF2-BCFF-27230BC2E417}.Debug|Any CPU.Build.0 = Debug|Any CPU
		{5CDB2EA2-6DA7-4DF2-BCFF-27230BC2E417}.Release|Any CPU.ActiveCfg = Release|Any CPU
		{5CDB2EA2-6DA7-4DF2-BCFF-27230BC2E417}.Release|Any CPU.Build.0 = Release|Any CPU
		{0020C4DB-08BE-4177-8BB2-64219C6EDA43}.Debug|Any CPU.ActiveCfg = Debug|Any CPU
		{0020C4DB-08BE-4177-8BB2-64219C6EDA43}.Debug|Any CPU.Build.0 = Debug|Any CPU
		{0020C4DB-08BE-4177-8BB2-64219C6EDA43}.Release|Any CPU.ActiveCfg = Release|Any CPU
		{0020C4DB-08BE-4177-8BB2-64219C6EDA43}.Release|Any CPU.Build.0 = Release|Any CPU
		{0BDA72B4-0274-4786-A99E-36FD1AC2F3DC}.Debug|Any CPU.ActiveCfg = Debug|Any CPU
		{0BDA72B4-0274-4786-A99E-36FD1AC2F3DC}.Debug|Any CPU.Build.0 = Debug|Any CPU
		{0BDA72B4-0274-4786-A99E-36FD1AC2F3DC}.Release|Any CPU.ActiveCfg = Release|Any CPU
		{0BDA72B4-0274-4786-A99E-36FD1AC2F3DC}.Release|Any CPU.Build.0 = Release|Any CPU
		{9404B913-580E-4742-AEAC-7CBB1989AD0C}.Debug|Any CPU.ActiveCfg = Debug|Any CPU
		{9404B913-580E-4742-AEAC-7CBB1989AD0C}.Debug|Any CPU.Build.0 = Debug|Any CPU
		{9404B913-580E-4742-AEAC-7CBB1989AD0C}.Release|Any CPU.ActiveCfg = Release|Any CPU
		{9404B913-580E-4742-AEAC-7CBB1989AD0C}.Release|Any CPU.Build.0 = Release|Any CPU
	EndGlobalSection
	GlobalSection(SolutionProperties) = preSolution
		HideSolutionNode = FALSE
	EndGlobalSection
	GlobalSection(ExtensibilityGlobals) = postSolution
		SolutionGuid = {48CCF804-BD44-483E-972C-990EBA7C7E38}
	EndGlobalSection
EndGlobal
